{
  "originHash" : "ee916a6930cf5c3f9717e7bae2878adf305e7ca1d51be6a3e0c3c6b7de2f68b2",
  "pins" : [
    {
      "identity" : "swift-indexed-collection",
      "kind" : "remoteSourceControl",
      "location" : "https://github.com/FluidGroup/swift-indexed-collection.git",
      "state" : {
        "revision" : "9b17bf06eae73fee93dae9a0fa6de2e33900d9c5",
        "version" : "0.2.1"
      }
    },
    {
      "identity" : "swift-with-prerender",
      "kind" : "remoteSourceControl",
      "location" : "https://github.com/FluidGroup/swift-with-prerender",
      "state" : {
        "revision" : "83ea5d0f5a9fd0082c61e090f4b656c7b58ee0be",
        "version" : "1.0.0"
      }
    }
  ],
  "version" : 3
}
